
Microsoft Visual Studio Solution File, Format Version 12.00
# Visual Studio Version 16
VisualStudioVersion = 16.0.36631.11
MinimumVisualStudioVersion = 10.0.40219.1
Project("{FAE04EC0-301F-11D3-BF4B-00C04F79EFBC}") = "Variables", "Variables\Variables.csproj", "{594AEBB6-3D29-4EBD-BE16-1C659E7FD937}"
EndProject
Global
	GlobalSection(SolutionConfigurationPlatforms) = preSolution
		Debug|Any CPU = Debug|Any CPU
		Release|Any CPU = Release|Any CPU
	EndGlobalSection
	GlobalSection(ProjectConfigurationPlatforms) = postSolution
		{594AEBB6-3D29-4EBD-BE16-1C659E7FD937}.Debug|Any CPU.ActiveCfg = Debug|Any CPU
		{594AEBB6-3D29-4EBD-BE16-1C659E7FD937}.Debug|Any CPU.Build.0 = Debug|Any CPU
		{594AEBB6-3D29-4EBD-BE16-1C659E7FD937}.Release|Any CPU.ActiveCfg = Release|Any CPU
		{594AEBB6-3D29-4EBD-BE16-1C659E7FD937}.Release|Any CPU.Build.0 = Release|Any CPU
	EndGlobalSection
	GlobalSection(SolutionProperties) = preSolution
		HideSolutionNode = FALSE
	EndGlobalSection
	GlobalSection(ExtensibilityGlobals) = postSolution
		SolutionGuid = {A8644F5F-F3E1-4AC4-8291-04A1D67E624B}
	EndGlobalSection
EndGlobal
